
Microsoft Visual Studio Solution File, Format Version 12.00
# Visual Studio Version 16
VisualStudioVersion = 16.0.31624.102
MinimumVisualStudioVersion = 10.0.40219.1
Project("{FAE04EC0-301F-11D3-BF4B-00C04F79EFBC}") = "WpfApp1", "WpfApp1.csproj", "{89B8FD02-BF69-4D11-B8F4-EF92F18F6C00}"
EndProject
Global
	GlobalSection(SolutionConfigurationPlatforms) = preSolution
		Debug|Any CPU = Debug|Any CPU
		Release|Any CPU = Release|Any CPU
	EndGlobalSection
	GlobalSection(ProjectConfigurationPlatforms) = postSolution
		{89B8FD02-BF69-4D11-B8F4-EF92F18F6C00}.Debug|Any CPU.ActiveCfg = Debug|Any CPU
		{89B8FD02-BF69-4D11-B8F4-EF92F18F6C00}.Debug|Any CPU.Build.0 = Debug|Any CPU
		{89B8FD02-BF69-4D11-B8F4-EF92F18F6C00}.Release|Any CPU.ActiveCfg = Release|Any CPU
		{89B8FD02-BF69-4D11-B8F4-EF92F18F6C00}.Release|Any CPU.Build.0 = Release|Any CPU
	EndGlobalSection
	GlobalSection(SolutionProperties) = preSolution
		HideSolutionNode = FALSE
	EndGlobalSection
	GlobalSection(ExtensibilityGlobals) = postSolution
		SolutionGuid = {EF803650-DA49-4A49-AD6A-689D408D259A}
	EndGlobalSection
EndGlobal
